// !$*UTF8*$!
{
	archiveVersion = 1;
	classes = {
	};
	objectVersion = 56;
	objects = {

/* Begin PBXBuildFile section */
		C15FDA252AF7410C00657F00 /* MealApp.swift in Sources */ = {isa = PBXBuildFile; fileRef = C15FDA242AF7410C00657F00 /* MealApp.swift */; };
		C15FDA292AF7410E00657F00 /* Assets.xcassets in Resources */ = {isa = PBXBuildFile; fileRef = C15FDA282AF7410E00657F00 /* Assets.xcassets */; };
		C15FDA2C2AF7410E00657F00 /* Preview Assets.xcassets in Resources */ = {isa = PBXBuildFile; fileRef = C15FDA2B2AF7410E00657F00 /* Preview Assets.xcassets */; };
		C15FDA362AF7410E00657F00 /* MealTests.swift in Sources */ = {isa = PBXBuildFile; fileRef = C15FDA352AF7410E00657F00 /* MealTests.swift */; };
		C15FDA402AF7410E00657F00 /* MealUITests.swift in Sources */ = {isa = PBXBuildFile; fileRef = C15FDA3F2AF7410E00657F00 /* MealUITests.swift */; };
		C15FDA422AF7410E00657F00 /* MealUITestsLaunchTests.swift in Sources */ = {isa = PBXBuildFile; fileRef = C15FDA412AF7410E00657F00 /* MealUITestsLaunchTests.swift */; };
		C15FDA572AF756E500657F00 /* Meal.swift in Sources */ = {isa = PBXBuildFile; fileRef = C15FDA562AF756E500657F00 /* Meal.swift */; };
		C15FDA592AF75DA600657F00 /* MealListView.swift in Sources */ = {isa = PBXBuildFile; fileRef = C15FDA582AF75DA600657F00 /* MealListView.swift */; };
		C15FDA5C2AF766B300657F00 /* RemoteImage.swift in Sources */ = {isa = PBXBuildFile; fileRef = C15FDA5B2AF766B300657F00 /* RemoteImage.swift */; };
		C15FDA682AF844D600657F00 /* MealsAPI.swift in Sources */ = {isa = PBXBuildFile; fileRef = C15FDA672AF844D600657F00 /* MealsAPI.swift */; };
		C15FDA6A2AF847BB00657F00 /* MealsAPIResponse.swift in Sources */ = {isa = PBXBuildFile; fileRef = C15FDA692AF847BB00657F00 /* MealsAPIResponse.swift */; };
		C15FDA6F2AF8546C00657F00 /* MealsViewModel.swift in Sources */ = {isa = PBXBuildFile; fileRef = C15FDA6E2AF8546C00657F00 /* MealsViewModel.swift */; };
		C15FDA712AF87D4900657F00 /* Constant.swift in Sources */ = {isa = PBXBuildFile; fileRef = C15FDA702AF87D4900657F00 /* Constant.swift */; };
		C15FDA752AF9C77400657F00 /* MealDetailView.swift in Sources */ = {isa = PBXBuildFile; fileRef = C15FDA742AF9C77400657F00 /* MealDetailView.swift */; };
		C15FDA772AF9CA8500657F00 /* MealDetailViewModel.swift in Sources */ = {isa = PBXBuildFile; fileRef = C15FDA762AF9CA8500657F00 /* MealDetailViewModel.swift */; };
		C15FDA792AF9D5F200657F00 /* ContentView.swift in Sources */ = {isa = PBXBuildFile; fileRef = C15FDA782AF9D5F200657F00 /* ContentView.swift */; };
/* End PBXBuildFile section */

/* Begin PBXContainerItemProxy section */
		C15FDA322AF7410E00657F00 /* PBXContainerItemProxy */ = {
			isa = PBXContainerItemProxy;
			containerPortal = C15FDA192AF7410C00657F00 /* Project object */;
			proxyType = 1;
			remoteGlobalIDString = C15FDA202AF7410C00657F00;
			remoteInfo = Meal;
		};
		C15FDA3C2AF7410E00657F00 /* PBXContainerItemProxy */ = {
			isa = PBXContainerItemProxy;
			containerPortal = C15FDA192AF7410C00657F00 /* Project object */;
			proxyType = 1;
			remoteGlobalIDString = C15FDA202AF7410C00657F00;
			remoteInfo = Meal;
		};
/* End PBXContainerItemProxy section */

/* Begin PBXFileReference section */
		C15FDA212AF7410C00657F00 /* Meal.app */ = {isa = PBXFileReference; explicitFileType = wrapper.application; includeInIndex = 0; path = Meal.app; sourceTree = BUILT_PRODUCTS_DIR; };
		C15FDA242AF7410C00657F00 /* MealApp.swift */ = {isa = PBXFileReference; lastKnownFileType = sourcecode.swift; path = MealApp.swift; sourceTree = "<group>"; };
		C15FDA282AF7410E00657F00 /* Assets.xcassets */ = {isa = PBXFileReference; lastKnownFileType = folder.assetcatalog; path = Assets.xcassets; sourceTree = "<group>"; };
		C15FDA2B2AF7410E00657F00 /* Preview Assets.xcassets */ = {isa = PBXFileReference; lastKnownFileType = folder.assetcatalog; path = "Preview Assets.xcassets"; sourceTree = "<group>"; };
		C15FDA312AF7410E00657F00 /* MealTests.xctest */ = {isa = PBXFileReference; explicitFileType = wrapper.cfbundle; includeInIndex = 0; path = MealTests.xctest; sourceTree = BUILT_PRODUCTS_DIR; };
		C15FDA352AF7410E00657F00 /* MealTests.swift */ = {isa = PBXFileReference; lastKnownFileType = sourcecode.swift; path = MealTests.swift; sourceTree = "<group>"; };
		C15FDA3B2AF7410E00657F00 /* MealUITests.xctest */ = {isa = PBXFileReference; explicitFileType = wrapper.cfbundle; includeInIndex = 0; path = MealUITests.xctest; sourceTree = BUILT_PRODUCTS_DIR; };
		C15FDA3F2AF7410E00657F00 /* MealUITests.swift */ = {isa = PBXFileReference; lastKnownFileType = sourcecode.swift; path = MealUITests.swift; sourceTree = "<group>"; };
		C15FDA412AF7410E00657F00 /* MealUITestsLaunchTests.swift */ = {isa = PBXFileReference; lastKnownFileType = sourcecode.swift; path = MealUITestsLaunchTests.swift; sourceTree = "<group>"; };
		C15FDA562AF756E500657F00 /* Meal.swift */ = {isa = PBXFileReference; lastKnownFileType = sourcecode.swift; path = Meal.swift; sourceTree = "<group>"; };
		C15FDA582AF75DA600657F00 /* MealListView.swift */ = {isa = PBXFileReference; lastKnownFileType = sourcecode.swift; path = MealListView.swift; sourceTree = "<group>"; };
		C15FDA5B2AF766B300657F00 /* RemoteImage.swift */ = {isa = PBXFileReference; lastKnownFileType = sourcecode.swift; path = RemoteImage.swift; sourceTree = "<group>"; };
		C15FDA672AF844D600657F00 /* MealsAPI.swift */ = {isa = PBXFileReference; lastKnownFileType = sourcecode.swift; path = MealsAPI.swift; sourceTree = "<group>"; };
		C15FDA692AF847BB00657F00 /* MealsAPIResponse.swift */ = {isa = PBXFileReference; lastKnownFileType = sourcecode.swift; path = MealsAPIResponse.swift; sourceTree = "<group>"; };
		C15FDA6E2AF8546C00657F00 /* MealsViewModel.swift */ = {isa = PBXFileReference; lastKnownFileType = sourcecode.swift; path = MealsViewModel.swift; sourceTree = "<group>"; };
		C15FDA702AF87D4900657F00 /* Constant.swift */ = {isa = PBXFileReference; lastKnownFileType = sourcecode.swift; path = Constant.swift; sourceTree = "<group>"; };
		C15FDA742AF9C77400657F00 /* MealDetailView.swift */ = {isa = PBXFileReference; lastKnownFileType = sourcecode.swift; path = MealDetailView.swift; sourceTree = "<group>"; };
		C15FDA762AF9CA8500657F00 /* MealDetailViewModel.swift */ = {isa = PBXFileReference; lastKnownFileType = sourcecode.swift; path = MealDetailViewModel.swift; sourceTree = "<group>"; };
		C15FDA782AF9D5F200657F00 /* ContentView.swift */ = {isa = PBXFileReference; lastKnownFileType = sourcecode.swift; path = ContentView.swift; sourceTree = "<group>"; };
/* End PBXFileReference section */

/* Begin PBXFrameworksBuildPhase section */
		C15FDA1E2AF7410C00657F00 /* Frameworks */ = {
			isa = PBXFrameworksBuildPhase;
			buildActionMask = 2147483647;
			files = (
			);
			runOnlyForDeploymentPostprocessing = 0;
		};
		C15FDA2E2AF7410E00657F00 /* Frameworks */ = {
			isa = PBXFrameworksBuildPhase;
			buildActionMask = 2147483647;
			files = (
			);
			runOnlyForDeploymentPostprocessing = 0;
		};
		C15FDA382AF7410E00657F00 /* Frameworks */ = {
			isa = PBXFrameworksBuildPhase;
			buildActionMask = 2147483647;
			files = (
			);
			runOnlyForDeploymentPostprocessing = 0;
		};
/* End PBXFrameworksBuildPhase section */

/* Begin PBXGroup section */
		C15FDA182AF7410C00657F00 = {
			isa = PBXGroup;
			children = (
				C15FDA232AF7410C00657F00 /* Meal */,
				C15FDA342AF7410E00657F00 /* MealTests */,
				C15FDA3E2AF7410E00657F00 /* MealUITests */,
				C15FDA222AF7410C00657F00 /* Products */,
			);
			sourceTree = "<group>";
		};
		C15FDA222AF7410C00657F00 /* Products */ = {
			isa = PBXGroup;
			children = (
				C15FDA212AF7410C00657F00 /* Meal.app */,
				C15FDA312AF7410E00657F00 /* MealTests.xctest */,
				C15FDA3B2AF7410E00657F00 /* MealUITests.xctest */,
			);
			name = Products;
			sourceTree = "<group>";
		};
		C15FDA232AF7410C00657F00 /* Meal */ = {
			isa = PBXGroup;
			children = (
				C15FDA6D2AF8544800657F00 /* ViewModel */,
				C15FDA662AF844C000657F00 /* API */,
				C15FDA532AF74D6000657F00 /* Model */,
				C15FDA522AF74D4500657F00 /* View */,
				C15FDA242AF7410C00657F00 /* MealApp.swift */,
				C15FDA282AF7410E00657F00 /* Assets.xcassets */,
				C15FDA2A2AF7410E00657F00 /* Preview Content */,
			);
			path = Meal;
			sourceTree = "<group>";
		};
		C15FDA2A2AF7410E00657F00 /* Preview Content */ = {
			isa = PBXGroup;
			children = (
				C15FDA2B2AF7410E00657F00 /* Preview Assets.xcassets */,
			);
			path = "Preview Content";
			sourceTree = "<group>";
		};
		C15FDA342AF7410E00657F00 /* MealTests */ = {
			isa = PBXGroup;
			children = (
				C15FDA352AF7410E00657F00 /* MealTests.swift */,
			);
			path = MealTests;
			sourceTree = "<group>";
		};
		C15FDA3E2AF7410E00657F00 /* MealUITests */ = {
			isa = PBXGroup;
			children = (
				C15FDA3F2AF7410E00657F00 /* MealUITests.swift */,
				C15FDA412AF7410E00657F00 /* MealUITestsLaunchTests.swift */,
			);
			path = MealUITests;
			sourceTree = "<group>";
		};
		C15FDA522AF74D4500657F00 /* View */ = {
			isa = PBXGroup;
			children = (
				C15FDA5A2AF7668E00657F00 /* Components */,
				C15FDA582AF75DA600657F00 /* MealListView.swift */,
				C15FDA742AF9C77400657F00 /* MealDetailView.swift */,
				C15FDA782AF9D5F200657F00 /* ContentView.swift */,
			);
			path = View;
			sourceTree = "<group>";
		};
		C15FDA532AF74D6000657F00 /* Model */ = {
			isa = PBXGroup;
			children = (
				C15FDA562AF756E500657F00 /* Meal.swift */,
				C15FDA692AF847BB00657F00 /* MealsAPIResponse.swift */,
			);
			path = Model;
			sourceTree = "<group>";
		};
		C15FDA5A2AF7668E00657F00 /* Components */ = {
			isa = PBXGroup;
			children = (
				C15FDA5B2AF766B300657F00 /* RemoteImage.swift */,
			);
			path = Components;
			sourceTree = "<group>";
		};
		C15FDA662AF844C000657F00 /* API */ = {
			isa = PBXGroup;
			children = (
				C15FDA672AF844D600657F00 /* MealsAPI.swift */,
				C15FDA702AF87D4900657F00 /* Constant.swift */,
			);
			path = API;
			sourceTree = "<group>";
		};
		C15FDA6D2AF8544800657F00 /* ViewModel */ = {
			isa = PBXGroup;
			children = (
				C15FDA6E2AF8546C00657F00 /* MealsViewModel.swift */,
				C15FDA762AF9CA8500657F00 /* MealDetailViewModel.swift */,
			);
			path = ViewModel;
			sourceTree = "<group>";
		};
/* End PBXGroup section */

/* Begin PBXNativeTarget section */
		C15FDA202AF7410C00657F00 /* Meal */ = {
			isa = PBXNativeTarget;
			buildConfigurationList = C15FDA452AF7410E00657F00 /* Build configuration list for PBXNativeTarget "Meal" */;
			buildPhases = (
				C15FDA1D2AF7410C00657F00 /* Sources */,
				C15FDA1E2AF7410C00657F00 /* Frameworks */,
				C15FDA1F2AF7410C00657F00 /* Resources */,
			);
			buildRules = (
			);
			dependencies = (
			);
			name = Meal;
			productName = Meal;
			productReference = C15FDA212AF7410C00657F00 /* Meal.app */;
			productType = "com.apple.product-type.application";
		};
		C15FDA302AF7410E00657F00 /* MealTests */ = {
			isa = PBXNativeTarget;
			buildConfigurationList = C15FDA482AF7410E00657F00 /* Build configuration list for PBXNativeTarget "MealTests" */;
			buildPhases = (
				C15FDA2D2AF7410E00657F00 /* Sources */,
				C15FDA2E2AF7410E00657F00 /* Frameworks */,
				C15FDA2F2AF7410E00657F00 /* Resources */,
			);
			buildRules = (
			);
			dependencies = (
				C15FDA332AF7410E00657F00 /* PBXTargetDependency */,
			);
			name = MealTests;
			productName = MealTests;
			productReference = C15FDA312AF7410E00657F00 /* MealTests.xctest */;
			productType = "com.apple.product-type.bundle.unit-test";
		};
		C15FDA3A2AF7410E00657F00 /* MealUITests */ = {
			isa = PBXNativeTarget;
			buildConfigurationList = C15FDA4B2AF7410E00657F00 /* Build configuration list for PBXNativeTarget "MealUITests" */;
			buildPhases = (
				C15FDA372AF7410E00657F00 /* Sources */,
				C15FDA382AF7410E00657F00 /* Frameworks */,
				C15FDA392AF7410E00657F00 /* Resources */,
			);
			buildRules = (
			);
			dependencies = (
				C15FDA3D2AF7410E00657F00 /* PBXTargetDependency */,
			);
			name = MealUITests;
			productName = MealUITests;
			productReference = C15FDA3B2AF7410E00657F00 /* MealUITests.xctest */;
			productType = "com.apple.product-type.bundle.ui-testing";
		};
/* End PBXNativeTarget section */

/* Begin PBXProject section */
		C15FDA192AF7410C00657F00 /* Project object */ = {
			isa = PBXProject;
			attributes = {
				BuildIndependentTargetsInParallel = 1;
				LastSwiftUpdateCheck = 1500;
				LastUpgradeCheck = 1500;
				TargetAttributes = {
					C15FDA202AF7410C00657F00 = {
						CreatedOnToolsVersion = 15.0.1;
					};
					C15FDA302AF7410E00657F00 = {
						CreatedOnToolsVersion = 15.0.1;
						TestTargetID = C15FDA202AF7410C00657F00;
					};
					C15FDA3A2AF7410E00657F00 = {
						CreatedOnToolsVersion = 15.0.1;
						TestTargetID = C15FDA202AF7410C00657F00;
					};
				};
			};
			buildConfigurationList = C15FDA1C2AF7410C00657F00 /* Build configuration list for PBXProject "Meal" */;
			compatibilityVersion = "Xcode 14.0";
			developmentRegion = en;
			hasScannedForEncodings = 0;
			knownRegions = (
				en,
				Base,
			);
			mainGroup = C15FDA182AF7410C00657F00;
			productRefGroup = C15FDA222AF7410C00657F00 /* Products */;
			projectDirPath = "";
			projectRoot = "";
			targets = (
				C15FDA202AF7410C00657F00 /* Meal */,
				C15FDA302AF7410E00657F00 /* MealTests */,
				C15FDA3A2AF7410E00657F00 /* MealUITests */,
			);
		};
/* End PBXProject section */

/* Begin PBXResourcesBuildPhase section */
		C15FDA1F2AF7410C00657F00 /* Resources */ = {
			isa = PBXResourcesBuildPhase;
			buildActionMask = 2147483647;
			files = (
				C15FDA2C2AF7410E00657F00 /* Preview Assets.xcassets in Resources */,
				C15FDA292AF7410E00657F00 /* Assets.xcassets in Resources */,
			);
			runOnlyForDeploymentPostprocessing = 0;
		};
		C15FDA2F2AF7410E00657F00 /* Resources */ = {
			isa = PBXResourcesBuildPhase;
			buildActionMask = 2147483647;
			files = (
			);
			runOnlyForDeploymentPostprocessing = 0;
		};
		C15FDA392AF7410E00657F00 /* Resources */ = {
			isa = PBXResourcesBuildPhase;
			buildActionMask = 2147483647;
			files = (
			);
			runOnlyForDeploymentPostprocessing = 0;
		};
/* End PBXResourcesBuildPhase section */

/* Begin PBXSourcesBuildPhase section */
		C15FDA1D2AF7410C00657F00 /* Sources */ = {
			isa = PBXSourcesBuildPhase;
			buildActionMask = 2147483647;
			files = (
				C15FDA752AF9C77400657F00 /* MealDetailView.swift in Sources */,
				C15FDA792AF9D5F200657F00 /* ContentView.swift in Sources */,
				C15FDA6A2AF847BB00657F00 /* MealsAPIResponse.swift in Sources */,
				C15FDA682AF844D600657F00 /* MealsAPI.swift in Sources */,
				C15FDA572AF756E500657F00 /* Meal.swift in Sources */,
				C15FDA712AF87D4900657F00 /* Constant.swift in Sources */,
				C15FDA252AF7410C00657F00 /* MealApp.swift in Sources */,
				C15FDA5C2AF766B300657F00 /* RemoteImage.swift in Sources */,
				C15FDA6F2AF8546C00657F00 /* MealsViewModel.swift in Sources */,
				C15FDA772AF9CA8500657F00 /* MealDetailViewModel.swift in Sources */,
				C15FDA592AF75DA600657F00 /* MealListView.swift in Sources */,
			);
			runOnlyForDeploymentPostprocessing = 0;
		};
		C15FDA2D2AF7410E00657F00 /* Sources */ = {
			isa = PBXSourcesBuildPhase;
			buildActionMask = 2147483647;
			files = (
				C15FDA362AF7410E00657F00 /* MealTests.swift in Sources */,
			);
			runOnlyForDeploymentPostprocessing = 0;
		};
		C15FDA372AF7410E00657F00 /* Sources */ = {
			isa = PBXSourcesBuildPhase;
			buildActionMask = 2147483647;
			files = (
				C15FDA402AF7410E00657F00 /* MealUITests.swift in Sources */,
				C15FDA422AF7410E00657F00 /* MealUITestsLaunchTests.swift in Sources */,
			);
			runOnlyForDeploymentPostprocessing = 0;
		};
/* End PBXSourcesBuildPhase section */

/* Begin PBXTargetDependency section */
		C15FDA332AF7410E00657F00 /* PBXTargetDependency */ = {
			isa = PBXTargetDependency;
			target = C15FDA202AF7410C00657F00 /* Meal */;
			targetProxy = C15FDA322AF7410E00657F00 /* PBXContainerItemProxy */;
		};
		C15FDA3D2AF7410E00657F00 /* PBXTargetDependency */ = {
			isa = PBXTargetDependency;
			target = C15FDA202AF7410C00657F00 /* Meal */;
			targetProxy = C15FDA3C2AF7410E00657F00 /* PBXContainerItemProxy */;
		};
/* End PBXTargetDependency section */

/* Begin XCBuildConfiguration section */
		C15FDA432AF7410E00657F00 /* Debug */ = {
			isa = XCBuildConfiguration;
			buildSettings = {
				ALWAYS_SEARCH_USER_PATHS = NO;
				ASSETCATALOG_COMPILER_GENERATE_SWIFT_ASSET_SYMBOL_EXTENSIONS = YES;
				CLANG_ANALYZER_NONNULL = YES;
				CLANG_ANALYZER_NUMBER_OBJECT_CONVERSION = YES_AGGRESSIVE;
				CLANG_CXX_LANGUAGE_STANDARD = "gnu++20";
				CLANG_ENABLE_MODULES = YES;
				CLANG_ENABLE_OBJC_ARC = YES;
				CLANG_ENABLE_OBJC_WEAK = YES;
				CLANG_WARN_BLOCK_CAPTURE_AUTORELEASING = YES;
				CLANG_WARN_BOOL_CONVERSION = YES;
				CLANG_WARN_COMMA = YES;
				CLANG_WARN_CONSTANT_CONVERSION = YES;
				CLANG_WARN_DEPRECATED_OBJC_IMPLEMENTATIONS = YES;
				CLANG_WARN_DIRECT_OBJC_ISA_USAGE = YES_ERROR;
				CLANG_WARN_DOCUMENTATION_COMMENTS = YES;
				CLANG_WARN_EMPTY_BODY = YES;
				CLANG_WARN_ENUM_CONVERSION = YES;
				CLANG_WARN_INFINITE_RECURSION = YES;
				CLANG_WARN_INT_CONVERSION = YES;
				CLANG_WARN_NON_LITERAL_NULL_CONVERSION = YES;
				CLANG_WARN_OBJC_IMPLICIT_RETAIN_SELF = YES;
				CLANG_WARN_OBJC_LITERAL_CONVERSION = YES;
				CLANG_WARN_OBJC_ROOT_CLASS = YES_ERROR;
				CLANG_WARN_QUOTED_INCLUDE_IN_FRAMEWORK_HEADER = YES;
				CLANG_WARN_RANGE_LOOP_ANALYSIS = YES;
				CLANG_WARN_STRICT_PROTOTYPES = YES;
				CLANG_WARN_SUSPICIOUS_MOVE = YES;
				CLANG_WARN_UNGUARDED_AVAILABILITY = YES_AGGRESSIVE;
				CLANG_WARN_UNREACHABLE_CODE = YES;
				CLANG_WARN__DUPLICATE_METHOD_MATCH = YES;
				COPY_PHASE_STRIP = NO;
				DEBUG_INFORMATION_FORMAT = dwarf;
				ENABLE_STRICT_OBJC_MSGSEND = YES;
				ENABLE_TESTABILITY = YES;
				ENABLE_USER_SCRIPT_SANDBOXING = YES;
				GCC_C_LANGUAGE_STANDARD = gnu17;
				GCC_DYNAMIC_NO_PIC = NO;
				GCC_NO_COMMON_BLOCKS = YES;
				GCC_OPTIMIZATION_LEVEL = 0;
				GCC_PREPROCESSOR_DEFINITIONS = (
					"DEBUG=1",
					"$(inherited)",
				);
				GCC_WARN_64_TO_32_BIT_CONVERSION = YES;
				GCC_WARN_ABOUT_RETURN_TYPE = YES_ERROR;
				GCC_WARN_UNDECLARED_SELECTOR = YES;
				GCC_WARN_UNINITIALIZED_AUTOS = YES_AGGRESSIVE;
				GCC_WARN_UNUSED_FUNCTION = YES;
				GCC_WARN_UNUSED_VARIABLE = YES;
				IPHONEOS_DEPLOYMENT_TARGET = 17.0;
				LOCALIZATION_PREFERS_STRING_CATALOGS = YES;
				MTL_ENABLE_DEBUG_INFO = INCLUDE_SOURCE;
				MTL_FAST_MATH = YES;
				ONLY_ACTIVE_ARCH = YES;
				SDKROOT = iphoneos;
				SWIFT_ACTIVE_COMPILATION_CONDITIONS = "DEBUG $(inherited)";
				SWIFT_OPTIMIZATION_LEVEL = "-Onone";
			};
			name = Debug;
		};
		C15FDA442AF7410E00657F00 /* Release */ = {
			isa = XCBuildConfiguration;
			buildSettings = {
				ALWAYS_SEARCH_USER_PATHS = NO;
				ASSETCATALOG_COMPILER_GENERATE_SWIFT_ASSET_SYMBOL_EXTENSIONS = YES;
				CLANG_ANALYZER_NONNULL = YES;
				CLANG_ANALYZER_NUMBER_OBJECT_CONVERSION = YES_AGGRESSIVE;
				CLANG_CXX_LANGUAGE_STANDARD = "gnu++20";
				CLANG_ENABLE_MODULES = YES;
				CLANG_ENABLE_OBJC_ARC = YES;
				CLANG_ENABLE_OBJC_WEAK = YES;
				CLANG_WARN_BLOCK_CAPTURE_AUTORELEASING = YES;
				CLANG_WARN_BOOL_CONVERSION = YES;
				CLANG_WARN_COMMA = YES;
				CLANG_WARN_CONSTANT_CONVERSION = YES;
				CLANG_WARN_DEPRECATED_OBJC_IMPLEMENTATIONS = YES;
				CLANG_WARN_DIRECT_OBJC_ISA_USAGE = YES_ERROR;
				CLANG_WARN_DOCUMENTATION_COMMENTS = YES;
				CLANG_WARN_EMPTY_BODY = YES;
				CLANG_WARN_ENUM_CONVERSION = YES;
				CLANG_WARN_INFINITE_RECURSION = YES;
				CLANG_WARN_INT_CONVERSION = YES;
				CLANG_WARN_NON_LITERAL_NULL_CONVERSION = YES;
				CLANG_WARN_OBJC_IMPLICIT_RETAIN_SELF = YES;
				CLANG_WARN_OBJC_LITERAL_CONVERSION = YES;
				CLANG_WARN_OBJC_ROOT_CLASS = YES_ERROR;
				CLANG_WARN_QUOTED_INCLUDE_IN_FRAMEWORK_HEADER = YES;
				CLANG_WARN_RANGE_LOOP_ANALYSIS = YES;
				CLANG_WARN_STRICT_PROTOTYPES = YES;
				CLANG_WARN_SUSPICIOUS_MOVE = YES;
				CLANG_WARN_UNGUARDED_AVAILABILITY = YES_AGGRESSIVE;
				CLANG_WARN_UNREACHABLE_CODE = YES;
				CLANG_WARN__DUPLICATE_METHOD_MATCH = YES;
				COPY_PHASE_STRIP = NO;
				DEBUG_INFORMATION_FORMAT = "dwarf-with-dsym";
				ENABLE_NS_ASSERTIONS = NO;
				ENABLE_STRICT_OBJC_MSGSEND = YES;
				ENABLE_USER_SCRIPT_SANDBOXING = YES;
				GCC_C_LANGUAGE_STANDARD = gnu17;
				GCC_NO_COMMON_BLOCKS = YES;
				GCC_WARN_64_TO_32_BIT_CONVERSION = YES;
				GCC_WARN_ABOUT_RETURN_TYPE = YES_ERROR;
				GCC_WARN_UNDECLARED_SELECTOR = YES;
				GCC_WARN_UNINITIALIZED_AUTOS = YES_AGGRESSIVE;
				GCC_WARN_UNUSED_FUNCTION = YES;
				GCC_WARN_UNUSED_VARIABLE = YES;
				IPHONEOS_DEPLOYMENT_TARGET = 17.0;
				LOCALIZATION_PREFERS_STRING_CATALOGS = YES;
				MTL_ENABLE_DEBUG_INFO = NO;
				MTL_FAST_MATH = YES;
				SDKROOT = iphoneos;
				SWIFT_COMPILATION_MODE = wholemodule;
				VALIDATE_PRODUCT = YES;
			};
			name = Release;
		};
		C15FDA462AF7410E00657F00 /* Debug */ = {
			isa = XCBuildConfiguration;
			buildSettings = {
				ASSETCATALOG_COMPILER_APPICON_NAME = AppIcon;
				ASSETCATALOG_COMPILER_GLOBAL_ACCENT_COLOR_NAME = AccentColor;
				CODE_SIGN_STYLE = Automatic;
				CURRENT_PROJECT_VERSION = 1;
				DEVELOPMENT_ASSET_PATHS = "\"Meal/Preview Content\"";
				DEVELOPMENT_TEAM = S6DL4KFR95;
				ENABLE_PREVIEWS = YES;
				GENERATE_INFOPLIST_FILE = YES;
				INFOPLIST_KEY_UIApplicationSceneManifest_Generation = YES;
				INFOPLIST_KEY_UIApplicationSupportsIndirectInputEvents = YES;
				INFOPLIST_KEY_UILaunchScreen_Generation = YES;
				INFOPLIST_KEY_UISupportedInterfaceOrientations_iPad = "UIInterfaceOrientationPortrait UIInterfaceOrientationPortraitUpsideDown UIInterfaceOrientationLandscapeLeft UIInterfaceOrientationLandscapeRight";
				INFOPLIST_KEY_UISupportedInterfaceOrientations_iPhone = "UIInterfaceOrientationPortrait UIInterfaceOrientationLandscapeLeft UIInterfaceOrientationLandscapeRight";
				LD_RUNPATH_SEARCH_PATHS = (
					"$(inherited)",
					"@executable_path/Frameworks",
				);
				MARKETING_VERSION = 1.0;
				PRODUCT_BUNDLE_IDENTIFIER = com.catherine.Meal;
				PRODUCT_NAME = "$(TARGET_NAME)";
				SWIFT_EMIT_LOC_STRINGS = YES;
				SWIFT_VERSION = 5.0;
				TARGETED_DEVICE_FAMILY = "1,2";
			};
			name = Debug;
		};
		C15FDA472AF7410E00657F00 /* Release */ = {
			isa = XCBuildConfiguration;
			buildSettings = {
				ASSETCATALOG_COMPILER_APPICON_NAME = AppIcon;
				ASSETCATALOG_COMPILER_GLOBAL_ACCENT_COLOR_NAME = AccentColor;
				CODE_SIGN_STYLE = Automatic;
				CURRENT_PROJECT_VERSION = 1;
				DEVELOPMENT_ASSET_PATHS = "\"Meal/Preview Content\"";
				DEVELOPMENT_TEAM = S6DL4KFR95;
				ENABLE_PREVIEWS = YES;
				GENERATE_INFOPLIST_FILE = YES;
				INFOPLIST_KEY_UIApplicationSceneManifest_Generation = YES;
				INFOPLIST_KEY_UIApplicationSupportsIndirectInputEvents = YES;
				INFOPLIST_KEY_UILaunchScreen_Generation = YES;
				INFOPLIST_KEY_UISupportedInterfaceOrientations_iPad = "UIInterfaceOrientationPortrait UIInterfaceOrientationPortraitUpsideDown UIInterfaceOrientationLandscapeLeft UIInterfaceOrientationLandscapeRight";
				INFOPLIST_KEY_UISupportedInterfaceOrientations_iPhone = "UIInterfaceOrientationPortrait UIInterfaceOrientationLandscapeLeft UIInterfaceOrientationLandscapeRight";
				LD_RUNPATH_SEARCH_PATHS = (
					"$(inherited)",
					"@executable_path/Frameworks",
				);
				MARKETING_VERSION = 1.0;
				PRODUCT_BUNDLE_IDENTIFIER = com.catherine.Meal;
				PRODUCT_NAME = "$(TARGET_NAME)";
				SWIFT_EMIT_LOC_STRINGS = YES;
				SWIFT_VERSION = 5.0;
				TARGETED_DEVICE_FAMILY = "1,2";
			};
			name = Release;
		};
		C15FDA492AF7410E00657F00 /* Debug */ = {
			isa = XCBuildConfiguration;
			buildSettings = {
				ALWAYS_EMBED_SWIFT_STANDARD_LIBRARIES = YES;
				BUNDLE_LOADER = "$(TEST_HOST)";
				CODE_SIGN_STYLE = Automatic;
				CURRENT_PROJECT_VERSION = 1;
				DEVELOPMENT_TEAM = S6DL4KFR95;
				GENERATE_INFOPLIST_FILE = YES;
				IPHONEOS_DEPLOYMENT_TARGET = 17.0;
				MARKETING_VERSION = 1.0;
				PRODUCT_BUNDLE_IDENTIFIER = com.catherine.MealTests;
				PRODUCT_NAME = "$(TARGET_NAME)";
				SWIFT_EMIT_LOC_STRINGS = NO;
				SWIFT_VERSION = 5.0;
				TARGETED_DEVICE_FAMILY = "1,2";
				TEST_HOST = "$(BUILT_PRODUCTS_DIR)/Meal.app/$(BUNDLE_EXECUTABLE_FOLDER_PATH)/Meal";
			};
			name = Debug;
		};
		C15FDA4A2AF7410E00657F00 /* Release */ = {
			isa = XCBuildConfiguration;
			buildSettings = {
				ALWAYS_EMBED_SWIFT_STANDARD_LIBRARIES = YES;
				BUNDLE_LOADER = "$(TEST_HOST)";
				CODE_SIGN_STYLE = Automatic;
				CURRENT_PROJECT_VERSION = 1;
				DEVELOPMENT_TEAM = S6DL4KFR95;
				GENERATE_INFOPLIST_FILE = YES;
				IPHONEOS_DEPLOYMENT_TARGET = 17.0;
				MARKETING_VERSION = 1.0;
				PRODUCT_BUNDLE_IDENTIFIER = com.catherine.MealTests;
				PRODUCT_NAME = "$(TARGET_NAME)";
				SWIFT_EMIT_LOC_STRINGS = NO;
				SWIFT_VERSION = 5.0;
				TARGETED_DEVICE_FAMILY = "1,2";
				TEST_HOST = "$(BUILT_PRODUCTS_DIR)/Meal.app/$(BUNDLE_EXECUTABLE_FOLDER_PATH)/Meal";
			};
			name = Release;
		};
		C15FDA4C2AF7410E00657F00 /* Debug */ = {
			isa = XCBuildConfiguration;
			buildSettings = {
				ALWAYS_EMBED_SWIFT_STANDARD_LIBRARIES = YES;
				CODE_SIGN_STYLE = Automatic;
				CURRENT_PROJECT_VERSION = 1;
				DEVELOPMENT_TEAM = S6DL4KFR95;
				GENERATE_INFOPLIST_FILE = YES;
				MARKETING_VERSION = 1.0;
				PRODUCT_BUNDLE_IDENTIFIER = com.catherine.MealUITests;
				PRODUCT_NAME = "$(TARGET_NAME)";
				SWIFT_EMIT_LOC_STRINGS = NO;
				SWIFT_VERSION = 5.0;
				TARGETED_DEVICE_FAMILY = "1,2";
				TEST_TARGET_NAME = Meal;
			};
			name = Debug;
		};
		C15FDA4D2AF7410E00657F00 /* Release */ = {
			isa = XCBuildConfiguration;
			buildSettings = {
				ALWAYS_EMBED_SWIFT_STANDARD_LIBRARIES = YES;
				CODE_SIGN_STYLE = Automatic;
				CURRENT_PROJECT_VERSION = 1;
				DEVELOPMENT_TEAM = S6DL4KFR95;
				GENERATE_INFOPLIST_FILE = YES;
				MARKETING_VERSION = 1.0;
				PRODUCT_BUNDLE_IDENTIFIER = com.catherine.MealUITests;
				PRODUCT_NAME = "$(TARGET_NAME)";
				SWIFT_EMIT_LOC_STRINGS = NO;
				SWIFT_VERSION = 5.0;
				TARGETED_DEVICE_FAMILY = "1,2";
				TEST_TARGET_NAME = Meal;
			};
			name = Release;
		};
/* End XCBuildConfiguration section */

/* Begin XCConfigurationList section */
		C15FDA1C2AF7410C00657F00 /* Build configuration list for PBXProject "Meal" */ = {
			isa = XCConfigurationList;
			buildConfigurations = (
				C15FDA432AF7410E00657F00 /* Debug */,
				C15FDA442AF7410E00657F00 /* Release */,
			);
			defaultConfigurationIsVisible = 0;
			defaultConfigurationName = Release;
		};
		C15FDA452AF7410E00657F00 /* Build configuration list for PBXNativeTarget "Meal" */ = {
			isa = XCConfigurationList;
			buildConfigurations = (
				C15FDA462AF7410E00657F00 /* Debug */,
				C15FDA472AF7410E00657F00 /* Release */,
			);
			defaultConfigurationIsVisible = 0;
			defaultConfigurationName = Release;
		};
		C15FDA482AF7410E00657F00 /* Build configuration list for PBXNativeTarget "MealTests" */ = {
			isa = XCConfigurationList;
			buildConfigurations = (
				C15FDA492AF7410E00657F00 /* Debug */,
				C15FDA4A2AF7410E00657F00 /* Release */,
			);
			defaultConfigurationIsVisible = 0;
			defaultConfigurationName = Release;
		};
		C15FDA4B2AF7410E00657F00 /* Build configuration list for PBXNativeTarget "MealUITests" */ = {
			isa = XCConfigurationList;
			buildConfigurations = (
				C15FDA4C2AF7410E00657F00 /* Debug */,
				C15FDA4D2AF7410E00657F00 /* Release */,
			);
			defaultConfigurationIsVisible = 0;
			defaultConfigurationName = Release;
		};
/* End XCConfigurationList section */
	};
	rootObject = C15FDA192AF7410C00657F00 /* Project object */;
}
